
Microsoft Visual Studio Solution File, Format Version 12.00
# Visual Studio Version 16
VisualStudioVersion = 16.0.31005.135
MinimumVisualStudioVersion = 10.0.40219.1
Project("{FAE04EC0-301F-11D3-BF4B-00C04F79EFBC}") = "WpfApp3", "WpfApp3.csproj", "{DCC53C9A-D704-44F7-B1FA-6324427507B0}"
EndProject
Global
	GlobalSection(SolutionConfigurationPlatforms) = preSolution
		Debug|Any CPU = Debug|Any CPU
		Release|Any CPU = Release|Any CPU
	EndGlobalSection
	GlobalSection(ProjectConfigurationPlatforms) = postSolution
		{DCC53C9A-D704-44F7-B1FA-6324427507B0}.Debug|Any CPU.ActiveCfg = Debug|Any CPU
		{DCC53C9A-D704-44F7-B1FA-6324427507B0}.Debug|Any CPU.Build.0 = Debug|Any CPU
		{DCC53C9A-D704-44F7-B1FA-6324427507B0}.Release|Any CPU.ActiveCfg = Release|Any CPU
		{DCC53C9A-D704-44F7-B1FA-6324427507B0}.Release|Any CPU.Build.0 = Release|Any CPU
	EndGlobalSection
	GlobalSection(SolutionProperties) = preSolution
		HideSolutionNode = FALSE
	EndGlobalSection
	GlobalSection(ExtensibilityGlobals) = postSolution
		SolutionGuid = {450C93EF-F7CE-47BE-8BA8-A68B505ED142}
	EndGlobalSection
EndGlobal
